// !$*UTF8*$!
{
	archiveVersion = 1;
	classes = {
	};
	objectVersion = 46;
	objects = {

/* Begin PBXBuildFile section */
		A6D6A9791E1FABE400DC53A4 /* myimage.jpg in Resources */ = {isa = PBXBuildFile; fileRef = A6D6A9781E1FABE400DC53A4 /* myimage.jpg */; };
		A6E175ED1E1FF9D1002420A3 /* UIViewExtension.swift in Sources */ = {isa = PBXBuildFile; fileRef = A6E175EC1E1FF9D1002420A3 /* UIViewExtension.swift */; };
		A6E3594C1DF6F791005159F9 /* AppDelegate.swift in Sources */ = {isa = PBXBuildFile; fileRef = A6E3594B1DF6F791005159F9 /* AppDelegate.swift */; };
		A6E3594E1DF6F791005159F9 /* ViewController.swift in Sources */ = {isa = PBXBuildFile; fileRef = A6E3594D1DF6F791005159F9 /* ViewController.swift */; };
		A6E359511DF6F791005159F9 /* Main.storyboard in Resources */ = {isa = PBXBuildFile; fileRef = A6E3594F1DF6F791005159F9 /* Main.storyboard */; };
		A6E359531DF6F791005159F9 /* Assets.xcassets in Resources */ = {isa = PBXBuildFile; fileRef = A6E359521DF6F791005159F9 /* Assets.xcassets */; };
		A6E359561DF6F791005159F9 /* LaunchScreen.storyboard in Resources */ = {isa = PBXBuildFile; fileRef = A6E359541DF6F791005159F9 /* LaunchScreen.storyboard */; };
		A6E359601DF6FFF9005159F9 /* ObjectiveCTests.m in Sources */ = {isa = PBXBuildFile; fileRef = A6E3595F1DF6FFF9005159F9 /* ObjectiveCTests.m */; };
/* End PBXBuildFile section */

/* Begin PBXFileReference section */
		A6D6A9781E1FABE400DC53A4 /* myimage.jpg */ = {isa = PBXFileReference; lastKnownFileType = image.jpeg; path = myimage.jpg; sourceTree = "<group>"; };
		A6E175EC1E1FF9D1002420A3 /* UIViewExtension.swift */ = {isa = PBXFileReference; fileEncoding = 4; lastKnownFileType = sourcecode.swift; path = UIViewExtension.swift; sourceTree = "<group>"; };
		A6E359481DF6F791005159F9 /* TroubleshootImageLoading.app */ = {isa = PBXFileReference; explicitFileType = wrapper.application; includeInIndex = 0; path = TroubleshootImageLoading.app; sourceTree = BUILT_PRODUCTS_DIR; };
		A6E3594B1DF6F791005159F9 /* AppDelegate.swift */ = {isa = PBXFileReference; lastKnownFileType = sourcecode.swift; path = AppDelegate.swift; sourceTree = "<group>"; };
		A6E3594D1DF6F791005159F9 /* ViewController.swift */ = {isa = PBXFileReference; lastKnownFileType = sourcecode.swift; path = ViewController.swift; sourceTree = "<group>"; };
		A6E359501DF6F791005159F9 /* Base */ = {isa = PBXFileReference; lastKnownFileType = file.storyboard; name = Base; path = Base.lproj/Main.storyboard; sourceTree = "<group>"; };
		A6E359521DF6F791005159F9 /* Assets.xcassets */ = {isa = PBXFileReference; lastKnownFileType = folder.assetcatalog; path = Assets.xcassets; sourceTree = "<group>"; };
		A6E359551DF6F791005159F9 /* Base */ = {isa = PBXFileReference; lastKnownFileType = file.storyboard; name = Base; path = Base.lproj/LaunchScreen.storyboard; sourceTree = "<group>"; };
		A6E359571DF6F791005159F9 /* Info.plist */ = {isa = PBXFileReference; lastKnownFileType = text.plist.xml; path = Info.plist; sourceTree = "<group>"; };
		A6E3595D1DF6FFF9005159F9 /* TroubleshootImageLoading-Bridging-Header.h */ = {isa = PBXFileReference; lastKnownFileType = sourcecode.c.h; path = "TroubleshootImageLoading-Bridging-Header.h"; sourceTree = "<group>"; };
		A6E3595E1DF6FFF9005159F9 /* ObjectiveCTests.h */ = {isa = PBXFileReference; fileEncoding = 4; lastKnownFileType = sourcecode.c.h; path = ObjectiveCTests.h; sourceTree = "<group>"; };
		A6E3595F1DF6FFF9005159F9 /* ObjectiveCTests.m */ = {isa = PBXFileReference; fileEncoding = 4; lastKnownFileType = sourcecode.c.objc; path = ObjectiveCTests.m; sourceTree = "<group>"; };
/* End PBXFileReference section */

/* Begin PBXFrameworksBuildPhase section */
		A6E359451DF6F791005159F9 /* Frameworks */ = {
			isa = PBXFrameworksBuildPhase;
			buildActionMask = 2147483647;
			files = (
			);
			runOnlyForDeploymentPostprocessing = 0;
		};
/* End PBXFrameworksBuildPhase section */

/* Begin PBXGroup section */
		A6E3593F1DF6F791005159F9 = {
			isa = PBXGroup;
			children = (
				A6E3594A1DF6F791005159F9 /* TroubleshootImageLoading */,
				A6E359491DF6F791005159F9 /* Products */,
			);
			sourceTree = "<group>";
		};
		A6E359491DF6F791005159F9 /* Products */ = {
			isa = PBXGroup;
			children = (
				A6E359481DF6F791005159F9 /* TroubleshootImageLoading.app */,
			);
			name = Products;
			sourceTree = "<group>";
		};
		A6E3594A1DF6F791005159F9 /* TroubleshootImageLoading */ = {
			isa = PBXGroup;
			children = (
				A6E3594B1DF6F791005159F9 /* AppDelegate.swift */,
				A6E3594D1DF6F791005159F9 /* ViewController.swift */,
				A6E175EC1E1FF9D1002420A3 /* UIViewExtension.swift */,
				A6E3595E1DF6FFF9005159F9 /* ObjectiveCTests.h */,
				A6E3595F1DF6FFF9005159F9 /* ObjectiveCTests.m */,
				A6D6A9781E1FABE400DC53A4 /* myimage.jpg */,
				A6E3594F1DF6F791005159F9 /* Main.storyboard */,
				A6E359521DF6F791005159F9 /* Assets.xcassets */,
				A6E359541DF6F791005159F9 /* LaunchScreen.storyboard */,
				A6E359571DF6F791005159F9 /* Info.plist */,
				A6E3595D1DF6FFF9005159F9 /* TroubleshootImageLoading-Bridging-Header.h */,
			);
			path = TroubleshootImageLoading;
			sourceTree = "<group>";
		};
/* End PBXGroup section */

/* Begin PBXNativeTarget section */
		A6E359471DF6F791005159F9 /* TroubleshootImageLoading */ = {
			isa = PBXNativeTarget;
			buildConfigurationList = A6E3595A1DF6F791005159F9 /* Build configuration list for PBXNativeTarget "TroubleshootImageLoading" */;
			buildPhases = (
				A6E359441DF6F791005159F9 /* Sources */,
				A6E359451DF6F791005159F9 /* Frameworks */,
				A6E359461DF6F791005159F9 /* Resources */,
			);
			buildRules = (
			);
			dependencies = (
			);
			name = TroubleshootImageLoading;
			productName = TroubleshootImageLoading;
			productReference = A6E359481DF6F791005159F9 /* TroubleshootImageLoading.app */;
			productType = "com.apple.product-type.application";
		};
/* End PBXNativeTarget section */

/* Begin PBXProject section */
		A6E359401DF6F791005159F9 /* Project object */ = {
			isa = PBXProject;
			attributes = {
				LastSwiftUpdateCheck = 0810;
				LastUpgradeCheck = 0820;
				ORGANIZATIONNAME = "HOLVECK Ingénieries";
				TargetAttributes = {
					A6E359471DF6F791005159F9 = {
						CreatedOnToolsVersion = 8.1;
						DevelopmentTeam = 3ZB247Y9JQ;
						LastSwiftMigration = 0810;
						ProvisioningStyle = Automatic;
					};
				};
			};
			buildConfigurationList = A6E359431DF6F791005159F9 /* Build configuration list for PBXProject "TroubleshootImageLoading" */;
			compatibilityVersion = "Xcode 3.2";
			developmentRegion = English;
			hasScannedForEncodings = 0;
			knownRegions = (
				Base,
			);
			mainGroup = A6E3593F1DF6F791005159F9;
			productRefGroup = A6E359491DF6F791005159F9 /* Products */;
			projectDirPath = "";
			projectRoot = "";
			targets = (
				A6E359471DF6F791005159F9 /* TroubleshootImageLoading */,
			);
		};
/* End PBXProject section */

/* Begin PBXResourcesBuildPhase section */
		A6E359461DF6F791005159F9 /* Resources */ = {
			isa = PBXResourcesBuildPhase;
			buildActionMask = 2147483647;
			files = (
				A6E359561DF6F791005159F9 /* LaunchScreen.storyboard in Resources */,
				A6E359531DF6F791005159F9 /* Assets.xcassets in Resources */,
				A6D6A9791E1FABE400DC53A4 /* myimage.jpg in Resources */,
				A6E359511DF6F791005159F9 /* Main.storyboard in Resources */,
			);
			runOnlyForDeploymentPostprocessing = 0;
		};
/* End PBXResourcesBuildPhase section */

/* Begin PBXSourcesBuildPhase section */
		A6E359441DF6F791005159F9 /* Sources */ = {
			isa = PBXSourcesBuildPhase;
			buildActionMask = 2147483647;
			files = (
				A6E3594E1DF6F791005159F9 /* ViewController.swift in Sources */,
				A6E3594C1DF6F791005159F9 /* AppDelegate.swift in Sources */,
				A6E175ED1E1FF9D1002420A3 /* UIViewExtension.swift in Sources */,
				A6E359601DF6FFF9005159F9 /* ObjectiveCTests.m in Sources */,
			);
			runOnlyForDeploymentPostprocessing = 0;
		};
/* End PBXSourcesBuildPhase section */

/* Begin PBXVariantGroup section */
		A6E3594F1DF6F791005159F9 /* Main.storyboard */ = {
			isa = PBXVariantGroup;
			children = (
				A6E359501DF6F791005159F9 /* Base */,
			);
			name = Main.storyboard;
			sourceTree = "<group>";
		};
		A6E359541DF6F791005159F9 /* LaunchScreen.storyboard */ = {
			isa = PBXVariantGroup;
			children = (
				A6E359551DF6F791005159F9 /* Base */,
			);
			name = LaunchScreen.storyboard;
			sourceTree = "<group>";
		};
/* End PBXVariantGroup section */

/* Begin XCBuildConfiguration section */
		A6E359581DF6F791005159F9 /* Debug */ = {
			isa = XCBuildConfiguration;
			buildSettings = {
				ALWAYS_SEARCH_USER_PATHS = NO;
				CLANG_ANALYZER_NONNULL = YES;
				CLANG_CXX_LANGUAGE_STANDARD = "gnu++0x";
				CLANG_CXX_LIBRARY = "libc++";
				CLANG_ENABLE_MODULES = YES;
				CLANG_ENABLE_OBJC_ARC = YES;
				CLANG_WARN_BOOL_CONVERSION = YES;
				CLANG_WARN_CONSTANT_CONVERSION = YES;
				CLANG_WARN_DIRECT_OBJC_ISA_USAGE = YES_ERROR;
				CLANG_WARN_DOCUMENTATION_COMMENTS = YES;
				CLANG_WARN_EMPTY_BODY = YES;
				CLANG_WARN_ENUM_CONVERSION = YES;
				CLANG_WARN_INFINITE_RECURSION = YES;
				CLANG_WARN_INT_CONVERSION = YES;
				CLANG_WARN_OBJC_ROOT_CLASS = YES_ERROR;
				CLANG_WARN_SUSPICIOUS_MOVE = YES;
				CLANG_WARN_SUSPICIOUS_MOVES = YES;
				CLANG_WARN_UNREACHABLE_CODE = YES;
				CLANG_WARN__DUPLICATE_METHOD_MATCH = YES;
				"CODE_SIGN_IDENTITY[sdk=iphoneos*]" = "iPhone Developer";
				COPY_PHASE_STRIP = NO;
				DEBUG_INFORMATION_FORMAT = dwarf;
				ENABLE_STRICT_OBJC_MSGSEND = YES;
				ENABLE_TESTABILITY = YES;
				GCC_C_LANGUAGE_STANDARD = gnu99;
				GCC_DYNAMIC_NO_PIC = NO;
				GCC_NO_COMMON_BLOCKS = YES;
				GCC_OPTIMIZATION_LEVEL = 0;
				GCC_PREPROCESSOR_DEFINITIONS = (
					"DEBUG=1",
					"$(inherited)",
				);
				GCC_WARN_64_TO_32_BIT_CONVERSION = YES;
				GCC_WARN_ABOUT_RETURN_TYPE = YES_ERROR;
				GCC_WARN_UNDECLARED_SELECTOR = YES;
				GCC_WARN_UNINITIALIZED_AUTOS = YES_AGGRESSIVE;
				GCC_WARN_UNUSED_FUNCTION = YES;
				GCC_WARN_UNUSED_VARIABLE = YES;
				IPHONEOS_DEPLOYMENT_TARGET = 10.0;
				MTL_ENABLE_DEBUG_INFO = YES;
				ONLY_ACTIVE_ARCH = YES;
				SDKROOT = iphoneos;
				SWIFT_ACTIVE_COMPILATION_CONDITIONS = DEBUG;
				SWIFT_OPTIMIZATION_LEVEL = "-Onone";
				TARGETED_DEVICE_FAMILY = "1,2";
			};
			name = Debug;
		};
		A6E359591DF6F791005159F9 /* Release */ = {
			isa = XCBuildConfiguration;
			buildSettings = {
				ALWAYS_SEARCH_USER_PATHS = NO;
				CLANG_ANALYZER_NONNULL = YES;
				CLANG_CXX_LANGUAGE_STANDARD = "gnu++0x";
				CLANG_CXX_LIBRARY = "libc++";
				CLANG_ENABLE_MODULES = YES;
				CLANG_ENABLE_OBJC_ARC = YES;
				CLANG_WARN_BOOL_CONVERSION = YES;
				CLANG_WARN_CONSTANT_CONVERSION = YES;
				CLANG_WARN_DIRECT_OBJC_ISA_USAGE = YES_ERROR;
				CLANG_WARN_DOCUMENTATION_COMMENTS = YES;
				CLANG_WARN_EMPTY_BODY = YES;
				CLANG_WARN_ENUM_CONVERSION = YES;
				CLANG_WARN_INFINITE_RECURSION = YES;
				CLANG_WARN_INT_CONVERSION = YES;
				CLANG_WARN_OBJC_ROOT_CLASS = YES_ERROR;
				CLANG_WARN_SUSPICIOUS_MOVE = YES;
				CLANG_WARN_SUSPICIOUS_MOVES = YES;
				CLANG_WARN_UNREACHABLE_CODE = YES;
				CLANG_WARN__DUPLICATE_METHOD_MATCH = YES;
				"CODE_SIGN_IDENTITY[sdk=iphoneos*]" = "iPhone Developer";
				COPY_PHASE_STRIP = NO;
				DEBUG_INFORMATION_FORMAT = "dwarf-with-dsym";
				ENABLE_NS_ASSERTIONS = NO;
				ENABLE_STRICT_OBJC_MSGSEND = YES;
				GCC_C_LANGUAGE_STANDARD = gnu99;
				GCC_NO_COMMON_BLOCKS = YES;
				GCC_WARN_64_TO_32_BIT_CONVERSION = YES;
				GCC_WARN_ABOUT_RETURN_TYPE = YES_ERROR;
				GCC_WARN_UNDECLARED_SELECTOR = YES;
				GCC_WARN_UNINITIALIZED_AUTOS = YES_AGGRESSIVE;
				GCC_WARN_UNUSED_FUNCTION = YES;
				GCC_WARN_UNUSED_VARIABLE = YES;
				IPHONEOS_DEPLOYMENT_TARGET = 10.0;
				MTL_ENABLE_DEBUG_INFO = NO;
				SDKROOT = iphoneos;
				SWIFT_OPTIMIZATION_LEVEL = "-Owholemodule";
				TARGETED_DEVICE_FAMILY = "1,2";
				VALIDATE_PRODUCT = YES;
			};
			name = Release;
		};
		A6E3595B1DF6F791005159F9 /* Debug */ = {
			isa = XCBuildConfiguration;
			buildSettings = {
				ASSETCATALOG_COMPILER_APPICON_NAME = AppIcon;
				CLANG_ENABLE_MODULES = YES;
				DEVELOPMENT_TEAM = 3ZB247Y9JQ;
				INFOPLIST_FILE = TroubleshootImageLoading/Info.plist;
				IPHONEOS_DEPLOYMENT_TARGET = 10.0;
				LD_RUNPATH_SEARCH_PATHS = "$(inherited) @executable_path/Frameworks";
				PRODUCT_BUNDLE_IDENTIFIER = net.holveck.TroubleshootImageLoading;
				PRODUCT_NAME = "$(TARGET_NAME)";
				SWIFT_OBJC_BRIDGING_HEADER = "TroubleshootImageLoading/TroubleshootImageLoading-Bridging-Header.h";
				SWIFT_OPTIMIZATION_LEVEL = "-Onone";
				SWIFT_VERSION = 3.0;
			};
			name = Debug;
		};
		A6E3595C1DF6F791005159F9 /* Release */ = {
			isa = XCBuildConfiguration;
			buildSettings = {
				ASSETCATALOG_COMPILER_APPICON_NAME = AppIcon;
				CLANG_ENABLE_MODULES = YES;
				DEVELOPMENT_TEAM = 3ZB247Y9JQ;
				INFOPLIST_FILE = TroubleshootImageLoading/Info.plist;
				IPHONEOS_DEPLOYMENT_TARGET = 10.0;
				LD_RUNPATH_SEARCH_PATHS = "$(inherited) @executable_path/Frameworks";
				PRODUCT_BUNDLE_IDENTIFIER = net.holveck.TroubleshootImageLoading;
				PRODUCT_NAME = "$(TARGET_NAME)";
				SWIFT_OBJC_BRIDGING_HEADER = "TroubleshootImageLoading/TroubleshootImageLoading-Bridging-Header.h";
				SWIFT_VERSION = 3.0;
			};
			name = Release;
		};
/* End XCBuildConfiguration section */

/* Begin XCConfigurationList section */
		A6E359431DF6F791005159F9 /* Build configuration list for PBXProject "TroubleshootImageLoading" */ = {
			isa = XCConfigurationList;
			buildConfigurations = (
				A6E359581DF6F791005159F9 /* Debug */,
				A6E359591DF6F791005159F9 /* Release */,
			);
			defaultConfigurationIsVisible = 0;
			defaultConfigurationName = Release;
		};
		A6E3595A1DF6F791005159F9 /* Build configuration list for PBXNativeTarget "TroubleshootImageLoading" */ = {
			isa = XCConfigurationList;
			buildConfigurations = (
				A6E3595B1DF6F791005159F9 /* Debug */,
				A6E3595C1DF6F791005159F9 /* Release */,
			);
			defaultConfigurationIsVisible = 0;
			defaultConfigurationName = Release;
		};
/* End XCConfigurationList section */
	};
	rootObject = A6E359401DF6F791005159F9 /* Project object */;
}
